<?xml version="1.0" encoding="utf-8"?>
<Project ToolsVersion="4.0" xmlns="http://schemas.microsoft.com/developer/msbuild/2003">
  <ItemGroup>
    <Filter Include="Source Files">
      <UniqueIdentifier>{4FC737F1-C7A5-4376-A066-2A32D752A2FF}</UniqueIdentifier>
      <Extensions>cpp;c;cc;cxx;c++;cppm;ixx;def;odl;idl;hpj;bat;asm;asmx</Extensions>
    </Filter>
    <Filter Include="Header Files">
      <UniqueIdentifier>{93995380-89BD-4b04-88EB-625FBE52EBFB}</UniqueIdentifier>
      <Extensions>h;hh;hpp;hxx;h++;hm;inl;inc;ipp;xsd</Extensions>
    </Filter>
    <Filter Include="Resource Files">
      <UniqueIdentifier>{67DA6AB6-F800-4c08-8B7A-83BB121AAD01}</UniqueIdentifier>
      <Extensions>rc;ico;cur;bmp;dlg;rc2;rct;bin;rgs;gif;jpg;jpeg;jpe;resx;tiff;tif;png;wav;mfcribbon-ms</Extensions>
    </Filter>
    <Filter Include="States">
      <UniqueIdentifier>{ba4573a7-29a8-45f3-bf4c-4eba6e99b3cd}</UniqueIdentifier>
    </Filter>
  </ItemGroup>
  <ItemGroup>
    <ClCompile Include="MoveCommand.cpp">
      <Filter>Source Files</Filter>
    </ClCompile>
    <ClCompile Include="Tron.cpp">
      <Filter>Source Files</Filter>
    </ClCompile>
    <ClCompile Include="TankSolver.cpp">
      <Filter>Source Files</Filter>
    </ClCompile>
    <ClCompile Include="ShootCommand.cpp">
      <Filter>Source Files</Filter>
    </ClCompile>
    <ClCompile Include="Bullet.cpp">
      <Filter>Source Files</Filter>
    </ClCompile>
    <ClCompile Include="BulletSolver.cpp">
      <Filter>Source Files</Filter>
    </ClCompile>
    <ClCompile Include="Player.cpp">
      <Filter>Source Files</Filter>
    </ClCompile>
    <ClCompile Include="ChangeShootingAngle.cpp">
      <Filter>Source Files</Filter>
    </ClCompile>
    <ClCompile Include="LevelBuilder.cpp">
      <Filter>Source Files</Filter>
    </ClCompile>
    <ClCompile Include="GridNavigation.cpp">
      <Filter>Source Files</Filter>
    </ClCompile>
    <ClCompile Include="GridMover.cpp">
      <Filter>Source Files</Filter>
    </ClCompile>
    <ClCompile Include="BlueTank.cpp">
      <Filter>Source Files</Filter>
    </ClCompile>
    <ClCompile Include="BlueTankWandering.cpp">
      <Filter>Source Files</Filter>
    </ClCompile>
    <ClCompile Include="BlueTankChasing.cpp">
      <Filter>Source Files</Filter>
    </ClCompile>
    <ClCompile Include="EnemyHealth.cpp">
      <Filter>Source Files</Filter>
    </ClCompile>
    <ClCompile Include="Teleporter.cpp">
      <Filter>Source Files</Filter>
    </ClCompile>
    <ClCompile Include="Recognizer.cpp">
      <Filter>Source Files</Filter>
    </ClCompile>
    <ClCompile Include="PlayerScore.cpp">
      <Filter>Source Files</Filter>
    </ClCompile>
    <ClCompile Include="ScoreHUD.cpp">
      <Filter>Source Files</Filter>
    </ClCompile>
    <ClCompile Include="Health.cpp">
      <Filter>Source Files</Filter>
    </ClCompile>
    <ClCompile Include="HealthHUD.cpp">
      <Filter>Source Files</Filter>
    </ClCompile>
    <ClCompile Include="IntroState.cpp">
      <Filter>Source Files</Filter>
    </ClCompile>
    <ClCompile Include="ChangeState.cpp">
      <Filter>Source Files</Filter>
    </ClCompile>
    <ClCompile Include="MenuCommands.cpp">
      <Filter>Source Files</Filter>
    </ClCompile>
    <ClCompile Include="OpenLevelCommand.cpp">
      <Filter>Source Files</Filter>
    </ClCompile>
    <ClCompile Include="MenuSelector.cpp">
      <Filter>Source Files</Filter>
    </ClCompile>
    <ClCompile Include="LevelState.cpp">
      <Filter>Source Files</Filter>
    </ClCompile>
    <ClCompile Include="ChangeLevelCommand.cpp">
      <Filter>Source Files</Filter>
    </ClCompile>
    <ClCompile Include="EndState.cpp">
      <Filter>Source Files</Filter>
    </ClCompile>
    <ClCompile Include="SaveScoreCommand.cpp">
      <Filter>Source Files</Filter>
    </ClCompile>
    <ClCompile Include="Scoreboard.cpp">
      <Filter>Source Files</Filter>
    </ClCompile>
    <ClCompile Include="InputNameCommand.cpp">
      <Filter>Source Files</Filter>
    </ClCompile>
    <ClCompile Include="TextInput.cpp">
      <Filter>Source Files</Filter>
    </ClCompile>
    <ClCompile Include="EndState2Players.cpp">
      <Filter>Source Files</Filter>
    </ClCompile>
    <ClCompile Include="MuteCommand.cpp">
      <Filter>Source Files</Filter>
    </ClCompile>
  </ItemGroup>
  <ItemGroup>
    <ClInclude Include="MoveCommand.h">
      <Filter>Header Files</Filter>
    </ClInclude>
    <ClInclude Include="TankSolver.h">
      <Filter>Header Files</Filter>
    </ClInclude>
    <ClInclude Include="ShootCommand.h">
      <Filter>Header Files</Filter>
    </ClInclude>
    <ClInclude Include="Bullet.h">
      <Filter>Header Files</Filter>
    </ClInclude>
    <ClInclude Include="BulletSolver.h">
      <Filter>Header Files</Filter>
    </ClInclude>
    <ClInclude Include="Player.h">
      <Filter>Header Files</Filter>
    </ClInclude>
    <ClInclude Include="ChangeShootingAngle.h">
      <Filter>Header Files</Filter>
    </ClInclude>
    <ClInclude Include="LevelBuilder.h">
      <Filter>Header Files</Filter>
    </ClInclude>
    <ClInclude Include="json.hpp">
      <Filter>Header Files</Filter>
    </ClInclude>
    <ClInclude Include="GridNavigation.h">
      <Filter>Header Files</Filter>
    </ClInclude>
    <ClInclude Include="GridMover.h">
      <Filter>Header Files</Filter>
    </ClInclude>
    <ClInclude Include="BlueTank.h">
      <Filter>Header Files</Filter>
    </ClInclude>
    <ClInclude Include="BlueTankState.h">
      <Filter>Header Files</Filter>
    </ClInclude>
    <ClInclude Include="BlueTankWandering.h">
      <Filter>Header Files</Filter>
    </ClInclude>
    <ClInclude Include="BlueTankChasing.h">
      <Filter>Header Files</Filter>
    </ClInclude>
    <ClInclude Include="EnemyHealth.h">
      <Filter>Header Files</Filter>
    </ClInclude>
    <ClInclude Include="Teleporter.h">
      <Filter>Header Files</Filter>
    </ClInclude>
    <ClInclude Include="Recognizer.h">
      <Filter>Header Files</Filter>
    </ClInclude>
    <ClInclude Include="PlayerScore.h">
      <Filter>Header Files</Filter>
    </ClInclude>
    <ClInclude Include="ScoreHUD.h">
      <Filter>Header Files</Filter>
    </ClInclude>
    <ClInclude Include="Health.h">
      <Filter>Header Files</Filter>
    </ClInclude>
    <ClInclude Include="HealthHUD.h">
      <Filter>Header Files</Filter>
    </ClInclude>
    <ClInclude Include="IntroState.h">
      <Filter>Header Files</Filter>
    </ClInclude>
    <ClInclude Include="ChangeState.h">
      <Filter>Header Files</Filter>
    </ClInclude>
    <ClInclude Include="MenuCommands.h">
      <Filter>Header Files</Filter>
    </ClInclude>
    <ClInclude Include="OpenLevelCommand.h">
      <Filter>Header Files</Filter>
    </ClInclude>
    <ClInclude Include="MenuSelector.h">
      <Filter>Header Files</Filter>
    </ClInclude>
    <ClInclude Include="LevelState.h">
      <Filter>Header Files</Filter>
    </ClInclude>
    <ClInclude Include="ChangeLevelCommand.h">
      <Filter>Header Files</Filter>
    </ClInclude>
    <ClInclude Include="EndState.h">
      <Filter>Header Files</Filter>
    </ClInclude>
    <ClInclude Include="Scoreboard.h">
      <Filter>Header Files</Filter>
    </ClInclude>
    <ClInclude Include="SaveScoreCommand.h">
      <Filter>Header Files</Filter>
    </ClInclude>
    <ClInclude Include="InputNameCommand.h">
      <Filter>Header Files</Filter>
    </ClInclude>
    <ClInclude Include="TextInput.h">
      <Filter>Header Files</Filter>
    </ClInclude>
    <ClInclude Include="EndState2Players.h">
      <Filter>Header Files</Filter>
    </ClInclude>
    <ClInclude Include="MuteCommand.h">
      <Filter>Header Files</Filter>
    </ClInclude>
  </ItemGroup>
</Project>